
Microsoft Visual Studio Solution File, Format Version 12.00
# Visual Studio Version 16
VisualStudioVersion = 16.0.28714.193
MinimumVisualStudioVersion = 10.0.40219.1
Project("{9A19103F-16F7-4668-BE54-9A1E7A4F7556}") = "MglZvvq", "MglZvvq\MglZvvq.csproj", "{510728B6-DBEC-4627-81A3-68D9D07491AE}"
EndProject
Project("{FAE04EC0-301F-11D3-BF4B-00C04F79EFBC}") = "MglZvvq.Core", "MglZvvq.Core\MglZvvq.Core.csproj", "{98209EBD-98EA-4F84-A557-AFD99E3610B9}"
EndProject
Global
	GlobalSection(SolutionConfigurationPlatforms) = preSolution
		Debug|Any CPU = Debug|Any CPU
		Release|Any CPU = Release|Any CPU
	EndGlobalSection
	GlobalSection(ProjectConfigurationPlatforms) = postSolution
		{510728B6-DBEC-4627-81A3-68D9D07491AE}.Debug|Any CPU.ActiveCfg = Debug|Any CPU
		{510728B6-DBEC-4627-81A3-68D9D07491AE}.Debug|Any CPU.Build.0 = Debug|Any CPU
		{510728B6-DBEC-4627-81A3-68D9D07491AE}.Release|Any CPU.ActiveCfg = Release|Any CPU
		{510728B6-DBEC-4627-81A3-68D9D07491AE}.Release|Any CPU.Build.0 = Release|Any CPU
		{98209EBD-98EA-4F84-A557-AFD99E3610B9}.Debug|Any CPU.ActiveCfg = Debug|Any CPU
		{98209EBD-98EA-4F84-A557-AFD99E3610B9}.Debug|Any CPU.Build.0 = Debug|Any CPU
		{98209EBD-98EA-4F84-A557-AFD99E3610B9}.Release|Any CPU.ActiveCfg = Release|Any CPU
		{98209EBD-98EA-4F84-A557-AFD99E3610B9}.Release|Any CPU.Build.0 = Release|Any CPU
	EndGlobalSection
	GlobalSection(SolutionProperties) = preSolution
		HideSolutionNode = FALSE
	EndGlobalSection
	GlobalSection(ExtensibilityGlobals) = postSolution
		SolutionGuid = {8293CCE7-2B1A-41C4-952A-B8B3BFE55DD2}
	EndGlobalSection
EndGlobal
